
Microsoft Visual Studio Solution File, Format Version 12.00
# Visual Studio Version 16
VisualStudioVersion = 16.0.31105.61
MinimumVisualStudioVersion = 10.0.40219.1
Project("{9A19103F-16F7-4668-BE54-9A1E7A4F7556}") = "ShoppingBudget.WebApi", "src\ShoppingBudget.WebApi\ShoppingBudget.WebApi.csproj", "{A6A8164D-31E5-4195-B027-83EB2B8E9F66}"
EndProject
Project("{FAE04EC0-301F-11D3-BF4B-00C04F79EFBC}") = "ShoppingBudget.Domain", "src\ShoppingBudget.Domain\ShoppingBudget.Domain.csproj", "{81C08410-341A-45C0-82FE-FCA8FF8D7D3B}"
EndProject
Global
	GlobalSection(SolutionConfigurationPlatforms) = preSolution
		Debug|Any CPU = Debug|Any CPU
		Release|Any CPU = Release|Any CPU
	EndGlobalSection
	GlobalSection(ProjectConfigurationPlatforms) = postSolution
		{A6A8164D-31E5-4195-B027-83EB2B8E9F66}.Debug|Any CPU.ActiveCfg = Debug|Any CPU
		{A6A8164D-31E5-4195-B027-83EB2B8E9F66}.Debug|Any CPU.Build.0 = Debug|Any CPU
		{A6A8164D-31E5-4195-B027-83EB2B8E9F66}.Release|Any CPU.ActiveCfg = Release|Any CPU
		{A6A8164D-31E5-4195-B027-83EB2B8E9F66}.Release|Any CPU.Build.0 = Release|Any CPU
		{81C08410-341A-45C0-82FE-FCA8FF8D7D3B}.Debug|Any CPU.ActiveCfg = Debug|Any CPU
		{81C08410-341A-45C0-82FE-FCA8FF8D7D3B}.Debug|Any CPU.Build.0 = Debug|Any CPU
		{81C08410-341A-45C0-82FE-FCA8FF8D7D3B}.Release|Any CPU.ActiveCfg = Release|Any CPU
		{81C08410-341A-45C0-82FE-FCA8FF8D7D3B}.Release|Any CPU.Build.0 = Release|Any CPU
	EndGlobalSection
	GlobalSection(SolutionProperties) = preSolution
		HideSolutionNode = FALSE
	EndGlobalSection
	GlobalSection(ExtensibilityGlobals) = postSolution
		SolutionGuid = {7069C6EF-18DF-4C0D-B5A0-9CBFA766DDC0}
	EndGlobalSection
EndGlobal
